
Microsoft Visual Studio Solution File, Format Version 12.00
# Visual Studio 15
VisualStudioVersion = 15.0.28010.2050
MinimumVisualStudioVersion = 10.0.40219.1
Project("{FAE04EC0-301F-11D3-BF4B-00C04F79EFBC}") = "Snakes and Ladders Kata", "Snakes and Ladders Kata\Snakes and Ladders Kata.csproj", "{FE244599-CE3B-4764-B576-4EDD95956560}"
EndProject
Global
	GlobalSection(SolutionConfigurationPlatforms) = preSolution
		Debug|Any CPU = Debug|Any CPU
		Release|Any CPU = Release|Any CPU
	EndGlobalSection
	GlobalSection(ProjectConfigurationPlatforms) = postSolution
		{FE244599-CE3B-4764-B576-4EDD95956560}.Debug|Any CPU.ActiveCfg = Debug|Any CPU
		{FE244599-CE3B-4764-B576-4EDD95956560}.Debug|Any CPU.Build.0 = Debug|Any CPU
		{FE244599-CE3B-4764-B576-4EDD95956560}.Release|Any CPU.ActiveCfg = Release|Any CPU
		{FE244599-CE3B-4764-B576-4EDD95956560}.Release|Any CPU.Build.0 = Release|Any CPU
	EndGlobalSection
	GlobalSection(SolutionProperties) = preSolution
		HideSolutionNode = FALSE
	EndGlobalSection
	GlobalSection(ExtensibilityGlobals) = postSolution
		SolutionGuid = {FA419C24-A4C9-408C-82DA-2C06D0693BC8}
	EndGlobalSection
EndGlobal
